{
  "name": "ng-music",
  "version": "0.0.0",
  "lockfileVersion": 2,
  "requires": true,
  "packages": {
    "": {
      "name": "ng-music",
      "version": "0.0.0",
      "license": "MIT",
      "dependencies": {
        "@angular/animations": "11.0.4",
        "@angular/cdk": "11.0.2",
        "@angular/common": "11.0.4",
        "@angular/compiler": "11.0.4",
        "@angular/core": "11.0.5",
        "@angular/forms": "11.0.4",
        "@angular/material": "11.0.2",
        "@angular/platform-browser": "11.0.4",
        "@angular/platform-browser-dynamic": "11.0.4",
        "@fortawesome/angular-fontawesome": "0.8.0",
        "@fortawesome/fontawesome-svg-core": "1.2.32",
        "@fortawesome/free-regular-svg-icons": "5.15.1",
        "@fortawesome/free-solid-svg-icons": "5.15.1",
        "core-js": "3.8.1",
        "dexie": "2.0.4",
        "dropbox": "4.0.30",
        "jszip": "3.7.0",
        "moment-mini-ts": "2.20.1",
        "rxjs": "6.6.3",
        "tslib": "2.0.3",
        "xml2js": "0.4.23",
        "zone.js": "0.11.3"
      },
      "devDependencies": {
        "@angular-devkit/build-angular": "0.1100.4",
        "@angular/cli": "11.0.4",
        "@angular/compiler-cli": "11.0.4",
        "@angular/language-service": "11.0.4",
        "@types/jasmine": "3.6.2",
        "@types/jasminewd2": "2.0.10",
        "@types/node": "10.17.48",
        "codelyzer": "^6.0.2",
        "jasmine-core": "3.6.0",
        "jasmine-spec-reporter": "7.0.0",
        "karma": "5.2.3",
        "karma-chrome-launcher": "3.1.0",
        "karma-coverage-istanbul-reporter": "3.0.3",
        "karma-jasmine": "4.0.1",
        "karma-jasmine-html-reporter": "1.7.0",
        "npm-run-all": "4.1.5",
        "protractor": "7.0.0",
        "stylelint": "13.8.0",
        "stylelint-config-standard": "20.0.0",
        "stylelint-order": "4.1.0",
        "ts-node": "9.1.1",
        "tslint": "6.1.3",
        "tslint-eslint-rules": "^5.4.0",
        "tslint-origin-ordered-imports-rule": "1.2.2",
        "typescript": "4.0.5"
      }
    },
    "node_modules/@angular-devkit/build-angular": {
      "version": "0.1100.4",
      "resolved": "https://registry.yarnpkg.com/@angular-devkit/build-angular/-/build-angular-0.1100.4.tgz",
      "integrity": "sha1-IllkddOLE3NYdqTH4a/BmWVLue0= sha512-qVkMbtOwlo+k8fvOBOwwfKWMx06k4I1qrdjpRYAoZCt3cdje4EBepSciLrHnTB+ouIqWxpEDfEXTYBS98tXbBg==",
      "dev": true,
      "engines": {
        "node": ">= 10.13.0",
        "npm": ">= 6.11.0",
        "yarn": ">= 1.13.0"
      }
    },
    "node_modules/@angular/animations": {
      "version": "11.0.4",
      "resolved": "https://registry.yarnpkg.com/@angular/animations/-/animations-11.0.4.tgz",
      "integrity": "sha1-+maUkNA5RV5jQTprjNH/a3qWa+w= sha512-NI7UdLNdzTfLCDu0zVqwhdKq2z1flRsM2GCD9RHG/NRjlohh73uRTBW+BcYpfh+o+Wq4giiq8UkTIgS2ReqDGg=="
    },
    "node_modules/@angular/cdk": {
      "version": "11.0.2",
      "resolved": "https://registry.yarnpkg.com/@angular/cdk/-/cdk-11.0.2.tgz",
      "integrity": "sha1-jFv6fulz7UQ1BjmjNUg1hKOJL/I= sha512-hdZ9UJVGgCFhdOuB4RPS1Ku45VSG/WfRjbyxu/7teYyFKqAvcd3vawkeQfZf+lExmFaeW43+5hnpu/JIlGTrSA=="
    },
    "node_modules/@angular/cli": {
      "version": "11.0.4",
      "resolved": "https://registry.yarnpkg.com/@angular/cli/-/cli-11.0.4.tgz",
      "integrity": "sha1-oEck9/+ydBffWcI1nkfsVOH2H6s= sha512-VkE/gx6P80EJHg13fG+gkZfd2DJmRaDAtnamcCGM4AThzoUN9XBdxc24uMLEzBb0/mJ4vpMK9+WTNIdMmzl+Tg==",
      "dev": true,
      "hasInstallScript": true,
      "bin": {
        "ng": "bin/ng"
      },
      "engines": {
        "node": ">= 10.13.0",
        "npm": ">= 6.11.0",
        "yarn": ">= 1.13.0"
      }
    },
    "node_modules/@angular/common": {
      "version": "11.0.4",
      "resolved": "https://registry.yarnpkg.com/@angular/common/-/common-11.0.4.tgz",
      "integrity": "sha1-Oc2Iv87NiVQZwFnDZurC3yymouk= sha512-4R2ALj71J6EAHVCKNnHHCKL7wcosMsv3gcMXbMTE+Wpzo3khEhM0Tej+I1qmMbVmGXVlRb//4+rjE4gff6FvQw=="
    },
    "node_modules/@angular/compiler": {
      "version": "11.0.4",
      "resolved": "https://registry.yarnpkg.com/@angular/compiler/-/compiler-11.0.4.tgz",
      "integrity": "sha1-jMTpKslzTXB4KMAsSH7/LNGmnQI= sha512-Smf8FKSjkqd522ZCdXjSnVv1lYA0b21AN3WC5L1mwtRwyl/VacqCA/YEklLneDGgI2FdSIC9+bzSQIV+CCVftA=="
    },
    "node_modules/@angular/compiler-cli": {
      "version": "11.0.4",
      "resolved": "https://registry.yarnpkg.com/@angular/compiler-cli/-/compiler-cli-11.0.4.tgz",
      "integrity": "sha1-LO98ExNTjEwp+GevKjm8T0eWx7A= sha512-FV010O6GAldRe5sr+qegHe7oLinTylES70NX+0PIp44/W4tPx75Zvop+FVT90I4xPcvFvteLemy8nFAnMK+x5g==",
      "dev": true,
      "bin": {
        "ivy-ngcc": "ngcc/main-ivy-ngcc.js",
        "ng-xi18n": "src/extract_i18n.js",
        "ngc": "src/main.js",
        "ngcc": "ngcc/main-ngcc.js"
      },
      "engines": {
        "node": ">=10.0"
      }
    },
    "node_modules/@angular/core": {
      "version": "11.0.5",
      "resolved": "https://registry.yarnpkg.com/@angular/core/-/core-11.0.5.tgz",
      "integrity": "sha1-uMRIw81Pba5zJ8wbpO4qopyNvCY= sha512-XAXWQi7R3ucZXQwx9QK5jSKJeQyRJ53u2dQDpr7R5stzeCy1a5hrNOkZLg9zOTTPcth/6+FrOrRZP9SMdxtw3w=="
    },
    "node_modules/@angular/forms": {
      "version": "11.0.4",
      "resolved": "https://registry.yarnpkg.com/@angular/forms/-/forms-11.0.4.tgz",
      "integrity": "sha1-bXfwHs3wJ6eN8Y1ObNOtj8jdSeQ= sha512-Fhfc4buwMZk0WumDvl/X7XBnOKFeTRTJrwKdi8LlhY6o1Og8H4e/f69u9iDJCF3YjU4qC6yGtPp9YpSVCPP7Ew=="
    },
    "node_modules/@angular/language-service": {
      "version": "11.0.4",
      "resolved": "https://registry.yarnpkg.com/@angular/language-service/-/language-service-11.0.4.tgz",
      "integrity": "sha1-CpwBFwvpI3jyF96jJjxOsvhBGqo= sha512-KtQxVSlZi3SwZEN4E56KHkNTFEYa3FPZfLJFm6WD1dSobFyMwJgvztO08GWSaT4S0ht0NNRD2IRt0XzBYuZkag==",
      "dev": true
    },
    "node_modules/@angular/material": {
      "version": "11.0.2",
      "resolved": "https://registry.yarnpkg.com/@angular/material/-/material-11.0.2.tgz",
      "integrity": "sha1-MJdA+v4BMEV5P9J2fum82dhm6CE= sha512-qmLxrIcbbowXrE0+ZiGA/RXfaZTtVKtgLchn7GvI+R5DZ79g5IicTPxayzQavLJSTESX19JTjlByRSGiXJstgA=="
    },
    "node_modules/@angular/platform-browser": {
      "version": "11.0.4",
      "resolved": "https://registry.yarnpkg.com/@angular/platform-browser/-/platform-browser-11.0.4.tgz",
      "integrity": "sha1-Ex2xEVlD65wBkQgOIAwenb0hTUw= sha512-+uUCKJgspSghJ3R6Fk0XHA0tolbaRBi8JFS2cY+hi9s27WKB88peGvtsK6RCOPJONY6JdOuhpcZqRN8dKfPi7w=="
    },
    "node_modules/@angular/platform-browser-dynamic": {
      "version": "11.0.4",
      "resolved": "https://registry.yarnpkg.com/@angular/platform-browser-dynamic/-/platform-browser-dynamic-11.0.4.tgz",
      "integrity": "sha1-13XxKVTbaJUH75ilHY1+1XY77NQ= sha512-ZOWTZaFfZSHhMy7a0RIxipiZoiobHWrGlq8/YaMrIgzUb9Fv518FeFCCI68BP0/GuyxX74MJmzv4ZgQctKKxXw=="
    },
    "node_modules/@fortawesome/angular-fontawesome": {
      "version": "0.8.0",
      "resolved": "https://registry.yarnpkg.com/@fortawesome/angular-fontawesome/-/angular-fontawesome-0.8.0.tgz",
      "integrity": "sha1-EVrqaXsiozOQAsVlZVqT8rKFWhc= sha512-ujZoqMPlz6RG1SmnvNsDAwea7Zq7jf88eRbsM6ErgK1wUYeT6ePIwmRemaoCyFJsekKjBPSVtEDBtowjf0q9DA=="
    },
    "node_modules/@fortawesome/fontawesome-svg-core": {
      "version": "1.2.32",
      "resolved": "https://registry.yarnpkg.com/@fortawesome/fontawesome-svg-core/-/fontawesome-svg-core-1.2.32.tgz",
      "integrity": "sha1-2gkr/HJmqidL6GBN5hDXEV+bps8= sha512-XjqyeLCsR/c/usUpdWcOdVtWFVjPbDFBTQkn2fQRrWhhUoxriQohO2RWDxLyUM8XpD+Zzg5xwJ8gqTYGDLeGaQ==",
      "hasInstallScript": true,
      "engines": {
        "node": ">=6"
      }
    },
    "node_modules/@fortawesome/free-regular-svg-icons": {
      "version": "5.15.1",
      "resolved": "https://registry.yarnpkg.com/@fortawesome/free-regular-svg-icons/-/free-regular-svg-icons-5.15.1.tgz",
      "integrity": "sha1-qIl9DOMlNS27oOlDEBMj4Bde4rI= sha512-eD9NWFy89e7SVVtrLedJUxIpCBGhd4x7s7dhesokjyo1Tw62daqN5UcuAGu1NrepLLq1IeAYUVfWwnOjZ/j3HA==",
      "hasInstallScript": true,
      "engines": {
        "node": ">=6"
      }
    },
    "node_modules/@fortawesome/free-solid-svg-icons": {
      "version": "5.15.1",
      "resolved": "https://registry.yarnpkg.com/@fortawesome/free-solid-svg-icons/-/free-solid-svg-icons-5.15.1.tgz",
      "integrity": "sha1-4UMmdt3UMQi0EZf+6fhtkQrUWO8= sha512-EFMuKtzRMNbvjab/SvJBaOOpaqJfdSap/Nl6hst7CgrJxwfORR1drdTV6q1Ib/JVzq4xObdTDcT6sqTaXMqfdg==",
      "hasInstallScript": true,
      "engines": {
        "node": ">=6"
      }
    },
    "node_modules/@types/jasmine": {
      "version": "3.6.2",
      "resolved": "https://registry.yarnpkg.com/@types/jasmine/-/jasmine-3.6.2.tgz",
      "integrity": "sha1-AvZEUAFvfecPFF1pi+MRE218Y3Q= sha512-AzfesNFLvOs6Q1mHzIsVJXSeUnqVh4ZHG8ngygKJfbkcSLwzrBVm/LKa+mR8KrOfnWtUL47112gde1MC0IXqpQ==",
      "dev": true
    },
    "node_modules/@types/jasminewd2": {
      "version": "2.0.10",
      "resolved": "https://registry.yarnpkg.com/@types/jasminewd2/-/jasminewd2-2.0.10.tgz",
      "integrity": "sha1-rjHCN6pkIb3jDxBYsdIPRXflREM= sha512-J7mDz7ovjwjc+Y9rR9rY53hFWKATcIkrr9DwQWmOas4/pnIPJTXawnzjwpHm3RSxz/e3ZVUvQ7cRbd5UQLo10g==",
      "dev": true
    },
    "node_modules/@types/node": {
      "version": "10.17.48",
      "resolved": "https://registry.yarnpkg.com/@types/node/-/node-10.17.48.tgz",
      "integrity": "sha1-cm5/JdAL9Y15yPAN1YbdmhDQak8= sha512-Agl6xbYP6FOMDeAsr3QVZ+g7Yzg0uhPHWx0j5g4LFdUBHVtqtU+gH660k/lCEe506jJLOGbEzsnqPDTZGJQLag==",
      "dev": true
    },
    "node_modules/codelyzer": {
      "version": "6.0.2",
      "resolved": "https://registry.yarnpkg.com/codelyzer/-/codelyzer-6.0.2.tgz",
      "integrity": "sha1-JdcurmQej/E//X2ZsnycetXX4TU= sha512-v3+E0Ucu2xWJMOJ2fA/q9pDT/hlxHftHGPUay1/1cTgyPV5JTHFdO9hqo837Sx2s9vKBMTt5gO+lhF95PO6J+g==",
      "dev": true
    },
    "node_modules/core-js": {
      "version": "3.8.1",
      "resolved": "https://registry.yarnpkg.com/core-js/-/core-js-3.8.1.tgz",
      "integrity": "sha1-9RUjZorIopTRKFw7nbRAJf2mbUc= sha512-9Id2xHY1W7m8hCl8NkhQn5CufmF/WuR30BTRewvCXc1aZd3kMECwNZ69ndLbekKfakw9Rf2Xyc+QR6E7Gg+obg==",
      "hasInstallScript": true
    },
    "node_modules/dexie": {
      "version": "2.0.4",
      "resolved": "https://registry.yarnpkg.com/dexie/-/dexie-2.0.4.tgz",
      "integrity": "sha1-YCel4Fh5Qk6PmXnYwU50IPJ+OhE= sha512-aQ/s1U2wHxwBKRrt2Z/mwFNHMQWhESerFsMYzE+5P5OsIe5o1kgpFMWkzKTtkvkyyEni6mWr/T4HUJuY9xIHLA==",
      "engines": {
        "node": ">=6.0"
      }
    },
    "node_modules/dropbox": {
      "version": "4.0.30",
      "resolved": "https://registry.yarnpkg.com/dropbox/-/dropbox-4.0.30.tgz",
      "integrity": "sha1-dHJHtQiOJqsUPbOa/tjGbwiH1nA= sha512-qmSeT8rhjARDHj3vxOTKQjc6IQ46AlRwJS8dqE26R323fikkjC4EXzocV12PsO7DOrjaqbOH3FjEdEEnrFraJw=="
    },
    "node_modules/jasmine-core": {
      "version": "3.6.0",
      "resolved": "https://registry.yarnpkg.com/jasmine-core/-/jasmine-core-3.6.0.tgz",
      "integrity": "sha1-SR87sjlBeZw1POt6RbOKlQ68WiA= sha512-8uQYa7zJN8hq9z+g8z1bqCfdC8eoDAeVnM5sfqs7KHv9/ifoJ500m018fpFc7RDaO6SWCLCXwo/wPSNcdYTgcw==",
      "dev": true
    },
    "node_modules/jasmine-spec-reporter": {
      "version": "7.0.0",
      "resolved": "https://registry.yarnpkg.com/jasmine-spec-reporter/-/jasmine-spec-reporter-7.0.0.tgz",
      "integrity": "sha1-lLk5RI5j1OK9AWaBQjifIPCo6kk= sha512-OtC7JRasiTcjsaCBPtMO0Tl8glCejM4J4/dNuOJdA8lBjz4PmWjYQ6pzb0uzpBNAWJMDudYuj9OdXJWqM2QTJg==",
      "dev": true
    },
    "node_modules/jszip": {
      "version": "3.7.0",
      "resolved": "https://registry.yarnpkg.com/jszip/-/jszip-3.7.0.tgz",
      "integrity": "sha1-m4uZWk58kCRlPOdD6QIHaoL99OY= sha512-Y2OlFIzrDOPWUnpU0LORIcDn2xN7rC9yKffFM/7pGhQuhO+SUhfm2trkJ/S5amjFvem0Y+1EALz/MEPkvHXVNw=="
    },
    "node_modules/karma": {
      "version": "5.2.3",
      "resolved": "https://registry.yarnpkg.com/karma/-/karma-5.2.3.tgz",
      "integrity": "sha1-MmQCQhm60nKOklQuAFiiSS16RuQ= sha512-tHdyFADhVVPBorIKCX8A37iLHxc6RBRphkSoQ+MLKdAtFn1k97tD8WUGi1KlEtDZKL3hui0qhsY9HXUfSNDYPQ==",
      "dev": true,
      "bin": {
        "karma": "bin/karma"
      },
      "engines": {
        "node": ">= 10"
      }
    },
    "node_modules/karma-chrome-launcher": {
      "version": "3.1.0",
      "resolved": "https://registry.yarnpkg.com/karma-chrome-launcher/-/karma-chrome-launcher-3.1.0.tgz",
      "integrity": "sha1-gFpYZ5mk0F9OVPcqIEl58/MGZzg= sha512-3dPs/n7vgz1rxxtynpzZTvb9y/GIaW8xjAwcIGttLbycqoFtI7yo1NGnQi6oFTherRE+GIhCAHZC4vEqWGhNvg==",
      "dev": true
    },
    "node_modules/karma-coverage-istanbul-reporter": {
      "version": "3.0.3",
      "resolved": "https://registry.yarnpkg.com/karma-coverage-istanbul-reporter/-/karma-coverage-istanbul-reporter-3.0.3.tgz",
      "integrity": "sha1-87UwNVOq3I5oHUDTYN/cGbx+n+k= sha512-wE4VFhG/QZv2Y4CdAYWDbMmcAHeS926ZIji4z+FkB2aF/EposRb6DP6G5ncT/wXhqUfAb/d7kZrNKPonbvsATw==",
      "dev": true
    },
    "node_modules/karma-jasmine": {
      "version": "4.0.1",
      "resolved": "https://registry.yarnpkg.com/karma-jasmine/-/karma-jasmine-4.0.1.tgz",
      "integrity": "sha1-uZ4HO22ZpRlvxL/8EhuJMTsKvYI= sha512-h8XDAhTiZjJKzfkoO1laMH+zfNlra+dEQHUAjpn5JV1zCPtOIVWGQjLBrqhnzQa/hrU2XrZwSyBa6XjEBzfXzw==",
      "dev": true,
      "engines": {
        "node": ">= 10"
      }
    },
    "node_modules/karma-jasmine-html-reporter": {
      "version": "1.7.0",
      "resolved": "https://registry.yarnpkg.com/karma-jasmine-html-reporter/-/karma-jasmine-html-reporter-1.7.0.tgz",
      "integrity": "sha1-UsSJp012CTShCJv6XqSo/LhMwos= sha512-pzum1TL7j90DTE86eFt48/s12hqwQuiD+e5aXx2Dc9wDEn2LfGq6RoAxEZZjFiN0RDSCOnosEKRZWxbQ+iMpQQ==",
      "dev": true
    },
    "node_modules/moment-mini-ts": {
      "version": "2.20.1",
      "resolved": "https://registry.yarnpkg.com/moment-mini-ts/-/moment-mini-ts-2.20.1.tgz",
      "integrity": "sha1-i1SoI4SOkfEcVuNuJT7fgMiXRxk= sha512-X8CHo8rq0ZgyGFvqc117uc8JJzAQPBzFj9ExEP/ei7Lcvv7iyEQp5m1JTv7l1EtleQbbKfwXmy2FQNBcmorLzA=="
    },
    "node_modules/npm-run-all": {
      "version": "4.1.5",
      "resolved": "https://registry.yarnpkg.com/npm-run-all/-/npm-run-all-4.1.5.tgz",
      "integrity": "sha1-BEdiAqFe4OLiFAgIYb/xKlHZj7o= sha512-Oo82gJDAVcaMdi3nuoKFavkIHBRVqQ1qvMb+9LHk/cF4P6B2m8aP04hGf7oL6wZ9BuGwX1onlLhpuoofSyoQDQ==",
      "dev": true,
      "bin": {
        "npm-run-all": "bin/npm-run-all/index.js",
        "run-p": "bin/run-p/index.js",
        "run-s": "bin/run-s/index.js"
      },
      "engines": {
        "node": ">= 4"
      }
    },
    "node_modules/protractor": {
      "version": "7.0.0",
      "resolved": "https://registry.yarnpkg.com/protractor/-/protractor-7.0.0.tgz",
      "integrity": "sha1-w+JjYIvXLiwtyAKxGncnEaR5LQM= sha512-UqkFjivi4GcvUQYzqGYNe0mLzfn5jiLmO8w9nMhQoJRLhy2grJonpga2IWhI6yJO30LibWXJJtA4MOIZD2GgZw==",
      "dev": true,
      "bin": {
        "protractor": "bin/protractor",
        "webdriver-manager": "bin/webdriver-manager"
      },
      "engines": {
        "node": ">=10.13.x"
      }
    },
    "node_modules/rxjs": {
      "version": "6.6.3",
      "resolved": "https://registry.yarnpkg.com/rxjs/-/rxjs-6.6.3.tgz",
      "integrity": "sha1-jKhGNcTaqQDA05Z6buesYCce5VI= sha512-trsQc+xYYXZ3urjOiJOuCOa5N3jAZ3eiSpQB5hIT8zGlL2QfnHLJ2r7GMkBGuIausdJN1OneaI6gQlsqNHHmZQ==",
      "engines": {
        "npm": ">=2.0.0"
      }
    },
    "node_modules/stylelint": {
      "version": "13.8.0",
      "resolved": "https://registry.yarnpkg.com/stylelint/-/stylelint-13.8.0.tgz",
      "integrity": "sha1-RGdl2+JeNhf4GaAWWVb68lY93CM= sha512-iHH3dv3UI23SLDrH4zMQDjLT9/dDIz/IpoFeuNxZmEx86KtfpjDOscxLTFioQyv+2vQjPlRZnK0UoJtfxLICXQ==",
      "dev": true,
      "bin": {
        "stylelint": "bin/stylelint.js"
      },
      "engines": {
        "node": ">=10.13.0"
      }
    },
    "node_modules/stylelint-config-standard": {
      "version": "20.0.0",
      "resolved": "https://registry.yarnpkg.com/stylelint-config-standard/-/stylelint-config-standard-20.0.0.tgz",
      "integrity": "sha1-BhNQkMngZL7+49WUKJ9Q4pW14g0= sha512-IB2iFdzOTA/zS4jSVav6z+wGtin08qfj+YyExHB3LF9lnouQht//YyB0KZq9gGz5HNPkddHOzcY8HsUey6ZUlA==",
      "dev": true
    },
    "node_modules/stylelint-order": {
      "version": "4.1.0",
      "resolved": "https://registry.yarnpkg.com/stylelint-order/-/stylelint-order-4.1.0.tgz",
      "integrity": "sha1-aS0Ft9DCNaxm/PXqHZ5fCKdnR/Y= sha512-sVTikaDvMqg2aJjh4r48jsdfmqLT+nqB1MOsaBnvM3OwLx4S+WXcsxsgk5w18h/OZoxZCxuyXMh61iBHcj9Qiw==",
      "dev": true
    },
    "node_modules/ts-node": {
      "version": "9.1.1",
      "resolved": "https://registry.yarnpkg.com/ts-node/-/ts-node-9.1.1.tgz",
      "integrity": "sha1-UamkUKPpWUAb2l8ASnLVS5NtN20= sha512-hPlt7ZACERQGf03M253ytLY3dHbGNGrAq9qIHWUY9XHYl1z7wYngSr3OQ5xmui8o2AaxsONxIzjafLUiWBo1Fg==",
      "dev": true,
      "bin": {
        "ts-node": "dist/bin.js",
        "ts-node-script": "dist/bin-script.js",
        "ts-node-transpile-only": "dist/bin-transpile.js",
        "ts-script": "dist/bin-script-deprecated.js"
      },
      "engines": {
        "node": ">=10.0.0"
      }
    },
    "node_modules/tslib": {
      "version": "2.0.3",
      "resolved": "https://registry.yarnpkg.com/tslib/-/tslib-2.0.3.tgz",
      "integrity": "sha1-jgdBrEX8DCJuWKF7/D5kubxsphw= sha512-uZtkfKblCEQtZKBF6EBXVZeQNl82yqtDQdv+eck8u7tdPxjLu2/lp5/uPW+um2tpuxINHWy3GhiccY7QgEaVHQ=="
    },
    "node_modules/tslint": {
      "version": "6.1.3",
      "resolved": "https://registry.yarnpkg.com/tslint/-/tslint-6.1.3.tgz",
      "integrity": "sha1-XCOy7MwySH1VI706Rw6aoxeJ2QQ= sha512-IbR4nkT96EQOvKE2PW/djGz8iGNeJ4rF2mBfiYaR/nvUWYKJhLwimoJKgjIFEIDibBtOevj7BqCRL4oHeWWUCg==",
      "dev": true,
      "bin": {
        "tslint": "bin/tslint"
      },
      "engines": {
        "node": ">=4.8.0"
      }
    },
    "node_modules/tslint-eslint-rules": {
      "version": "5.4.0",
      "resolved": "https://registry.yarnpkg.com/tslint-eslint-rules/-/tslint-eslint-rules-5.4.0.tgz",
      "integrity": "sha1-5IjMkYG/GT/lzXv8ohOnaV8XN7U= sha512-WlSXE+J2vY/VPgIcqQuijMQiel+UtmXS+4nvK4ZzlDiqBfXse8FAvkNnTcYhnQyOTW5KFM+uRRGXxYhFpuBc6w==",
      "dev": true
    },
    "node_modules/tslint-origin-ordered-imports-rule": {
      "version": "1.2.2",
      "resolved": "https://registry.yarnpkg.com/tslint-origin-ordered-imports-rule/-/tslint-origin-ordered-imports-rule-1.2.2.tgz",
      "integrity": "sha1-e+1oPLUgNWE0NKOknv8V2mdOUtQ= sha512-PN+vPc5t5Gz8QHiSuKAz/NJa4SFFG67TsSRkZWiXZP+q5PKsB170SfvD22pZl7VHraBd0w1uGNlPJZ7lpYNcKQ==",
      "dev": true
    },
    "node_modules/typescript": {
      "version": "4.0.5",
      "resolved": "https://registry.yarnpkg.com/typescript/-/typescript-4.0.5.tgz",
      "integrity": "sha1-rp3d/RBp8ctb6z7zshcN18EzI4k= sha512-ywmr/VrTVCmNTJ6iV2LwIrfG1P+lv6luD8sUJs+2eI9NLGigaN+nUQc13iHqisq7bra9lnmUSYqbJvegraBOPQ==",
      "dev": true,
      "bin": {
        "tsc": "bin/tsc",
        "tsserver": "bin/tsserver"
      },
      "engines": {
        "node": ">=4.2.0"
      }
    },
    "node_modules/xml2js": {
      "version": "0.4.23",
      "resolved": "https://registry.yarnpkg.com/xml2js/-/xml2js-0.4.23.tgz",
      "integrity": "sha1-oMaVFnUkIesqx1juTUzPWIQ+rGY= sha512-ySPiMjM0+pLDftHgXY4By0uswI3SPKLDw/i3UXbnO8M/p28zqexCUoPmQFrYD+/1BzhGJSs2i1ERWKJAtiLrug==",
      "engines": {
        "node": ">=4.0.0"
      }
    },
    "node_modules/zone.js": {
      "version": "0.11.3",
      "resolved": "https://registry.yarnpkg.com/zone.js/-/zone.js-0.11.3.tgz",
      "integrity": "sha1-JVpjExdHMcwBTWMjPvBP2YWNo3U= sha512-Y4hTHoh4VcxU5BDGAqEoOnOiyT254w6CiHtpQxAJUSMZPyVgdbKf+5R7Mwz6xsPhMIeBXk5rTopRZDpjssTCUg=="
    }
  },
  "dependencies": {
    "@angular-devkit/build-angular": {
      "version": "0.1100.4",
      "resolved": "https://registry.yarnpkg.com/@angular-devkit/build-angular/-/build-angular-0.1100.4.tgz",
      "integrity": "sha1-IllkddOLE3NYdqTH4a/BmWVLue0= sha512-qVkMbtOwlo+k8fvOBOwwfKWMx06k4I1qrdjpRYAoZCt3cdje4EBepSciLrHnTB+ouIqWxpEDfEXTYBS98tXbBg==",
      "dev": true
    },
    "@angular/animations": {
      "version": "11.0.4",
      "resolved": "https://registry.yarnpkg.com/@angular/animations/-/animations-11.0.4.tgz",
      "integrity": "sha1-+maUkNA5RV5jQTprjNH/a3qWa+w= sha512-NI7UdLNdzTfLCDu0zVqwhdKq2z1flRsM2GCD9RHG/NRjlohh73uRTBW+BcYpfh+o+Wq4giiq8UkTIgS2ReqDGg=="
    },
    "@angular/cdk": {
      "version": "11.0.2",
      "resolved": "https://registry.yarnpkg.com/@angular/cdk/-/cdk-11.0.2.tgz",
      "integrity": "sha1-jFv6fulz7UQ1BjmjNUg1hKOJL/I= sha512-hdZ9UJVGgCFhdOuB4RPS1Ku45VSG/WfRjbyxu/7teYyFKqAvcd3vawkeQfZf+lExmFaeW43+5hnpu/JIlGTrSA=="
    },
    "@angular/cli": {
      "version": "11.0.4",
      "resolved": "https://registry.yarnpkg.com/@angular/cli/-/cli-11.0.4.tgz",
      "integrity": "sha1-oEck9/+ydBffWcI1nkfsVOH2H6s= sha512-VkE/gx6P80EJHg13fG+gkZfd2DJmRaDAtnamcCGM4AThzoUN9XBdxc24uMLEzBb0/mJ4vpMK9+WTNIdMmzl+Tg==",
      "dev": true
    },
    "@angular/common": {
      "version": "11.0.4",
      "resolved": "https://registry.yarnpkg.com/@angular/common/-/common-11.0.4.tgz",
      "integrity": "sha1-Oc2Iv87NiVQZwFnDZurC3yymouk= sha512-4R2ALj71J6EAHVCKNnHHCKL7wcosMsv3gcMXbMTE+Wpzo3khEhM0Tej+I1qmMbVmGXVlRb//4+rjE4gff6FvQw=="
    },
    "@angular/compiler": {
      "version": "11.0.4",
      "resolved": "https://registry.yarnpkg.com/@angular/compiler/-/compiler-11.0.4.tgz",
      "integrity": "sha1-jMTpKslzTXB4KMAsSH7/LNGmnQI= sha512-Smf8FKSjkqd522ZCdXjSnVv1lYA0b21AN3WC5L1mwtRwyl/VacqCA/YEklLneDGgI2FdSIC9+bzSQIV+CCVftA=="
    },
    "@angular/compiler-cli": {
      "version": "11.0.4",
      "resolved": "https://registry.yarnpkg.com/@angular/compiler-cli/-/compiler-cli-11.0.4.tgz",
      "integrity": "sha1-LO98ExNTjEwp+GevKjm8T0eWx7A= sha512-FV010O6GAldRe5sr+qegHe7oLinTylES70NX+0PIp44/W4tPx75Zvop+FVT90I4xPcvFvteLemy8nFAnMK+x5g==",
      "dev": true
    },
    "@angular/core": {
      "version": "11.0.5",
      "resolved": "https://registry.yarnpkg.com/@angular/core/-/core-11.0.5.tgz",
      "integrity": "sha1-uMRIw81Pba5zJ8wbpO4qopyNvCY= sha512-XAXWQi7R3ucZXQwx9QK5jSKJeQyRJ53u2dQDpr7R5stzeCy1a5hrNOkZLg9zOTTPcth/6+FrOrRZP9SMdxtw3w=="
    },
    "@angular/forms": {
      "version": "11.0.4",
      "resolved": "https://registry.yarnpkg.com/@angular/forms/-/forms-11.0.4.tgz",
      "integrity": "sha1-bXfwHs3wJ6eN8Y1ObNOtj8jdSeQ= sha512-Fhfc4buwMZk0WumDvl/X7XBnOKFeTRTJrwKdi8LlhY6o1Og8H4e/f69u9iDJCF3YjU4qC6yGtPp9YpSVCPP7Ew=="
    },
    "@angular/language-service": {
      "version": "11.0.4",
      "resolved": "https://registry.yarnpkg.com/@angular/language-service/-/language-service-11.0.4.tgz",
      "integrity": "sha1-CpwBFwvpI3jyF96jJjxOsvhBGqo= sha512-KtQxVSlZi3SwZEN4E56KHkNTFEYa3FPZfLJFm6WD1dSobFyMwJgvztO08GWSaT4S0ht0NNRD2IRt0XzBYuZkag==",
      "dev": true
    },
    "@angular/material": {
      "version": "11.0.2",
      "resolved": "https://registry.yarnpkg.com/@angular/material/-/material-11.0.2.tgz",
      "integrity": "sha1-MJdA+v4BMEV5P9J2fum82dhm6CE= sha512-qmLxrIcbbowXrE0+ZiGA/RXfaZTtVKtgLchn7GvI+R5DZ79g5IicTPxayzQavLJSTESX19JTjlByRSGiXJstgA=="
    },
    "@angular/platform-browser": {
      "version": "11.0.4",
      "resolved": "https://registry.yarnpkg.com/@angular/platform-browser/-/platform-browser-11.0.4.tgz",
      "integrity": "sha1-Ex2xEVlD65wBkQgOIAwenb0hTUw= sha512-+uUCKJgspSghJ3R6Fk0XHA0tolbaRBi8JFS2cY+hi9s27WKB88peGvtsK6RCOPJONY6JdOuhpcZqRN8dKfPi7w=="
    },
    "@angular/platform-browser-dynamic": {
      "version": "11.0.4",
      "resolved": "https://registry.yarnpkg.com/@angular/platform-browser-dynamic/-/platform-browser-dynamic-11.0.4.tgz",
      "integrity": "sha1-13XxKVTbaJUH75ilHY1+1XY77NQ= sha512-ZOWTZaFfZSHhMy7a0RIxipiZoiobHWrGlq8/YaMrIgzUb9Fv518FeFCCI68BP0/GuyxX74MJmzv4ZgQctKKxXw=="
    },
    "@fortawesome/angular-fontawesome": {
      "version": "0.8.0",
      "resolved": "https://registry.yarnpkg.com/@fortawesome/angular-fontawesome/-/angular-fontawesome-0.8.0.tgz",
      "integrity": "sha1-EVrqaXsiozOQAsVlZVqT8rKFWhc= sha512-ujZoqMPlz6RG1SmnvNsDAwea7Zq7jf88eRbsM6ErgK1wUYeT6ePIwmRemaoCyFJsekKjBPSVtEDBtowjf0q9DA=="
    },
    "@fortawesome/fontawesome-svg-core": {
      "version": "1.2.32",
      "resolved": "https://registry.yarnpkg.com/@fortawesome/fontawesome-svg-core/-/fontawesome-svg-core-1.2.32.tgz",
      "integrity": "sha1-2gkr/HJmqidL6GBN5hDXEV+bps8= sha512-XjqyeLCsR/c/usUpdWcOdVtWFVjPbDFBTQkn2fQRrWhhUoxriQohO2RWDxLyUM8XpD+Zzg5xwJ8gqTYGDLeGaQ=="
    },
    "@fortawesome/free-regular-svg-icons": {
      "version": "5.15.1",
      "resolved": "https://registry.yarnpkg.com/@fortawesome/free-regular-svg-icons/-/free-regular-svg-icons-5.15.1.tgz",
      "integrity": "sha1-qIl9DOMlNS27oOlDEBMj4Bde4rI= sha512-eD9NWFy89e7SVVtrLedJUxIpCBGhd4x7s7dhesokjyo1Tw62daqN5UcuAGu1NrepLLq1IeAYUVfWwnOjZ/j3HA=="
    },
    "@fortawesome/free-solid-svg-icons": {
      "version": "5.15.1",
      "resolved": "https://registry.yarnpkg.com/@fortawesome/free-solid-svg-icons/-/free-solid-svg-icons-5.15.1.tgz",
      "integrity": "sha1-4UMmdt3UMQi0EZf+6fhtkQrUWO8= sha512-EFMuKtzRMNbvjab/SvJBaOOpaqJfdSap/Nl6hst7CgrJxwfORR1drdTV6q1Ib/JVzq4xObdTDcT6sqTaXMqfdg=="
    },
    "@types/jasmine": {
      "version": "3.6.2",
      "resolved": "https://registry.yarnpkg.com/@types/jasmine/-/jasmine-3.6.2.tgz",
      "integrity": "sha1-AvZEUAFvfecPFF1pi+MRE218Y3Q= sha512-AzfesNFLvOs6Q1mHzIsVJXSeUnqVh4ZHG8ngygKJfbkcSLwzrBVm/LKa+mR8KrOfnWtUL47112gde1MC0IXqpQ==",
      "dev": true
    },
    "@types/jasminewd2": {
      "version": "2.0.10",
      "resolved": "https://registry.yarnpkg.com/@types/jasminewd2/-/jasminewd2-2.0.10.tgz",
      "integrity": "sha1-rjHCN6pkIb3jDxBYsdIPRXflREM= sha512-J7mDz7ovjwjc+Y9rR9rY53hFWKATcIkrr9DwQWmOas4/pnIPJTXawnzjwpHm3RSxz/e3ZVUvQ7cRbd5UQLo10g==",
      "dev": true
    },
    "@types/node": {
      "version": "10.17.48",
      "resolved": "https://registry.yarnpkg.com/@types/node/-/node-10.17.48.tgz",
      "integrity": "sha1-cm5/JdAL9Y15yPAN1YbdmhDQak8= sha512-Agl6xbYP6FOMDeAsr3QVZ+g7Yzg0uhPHWx0j5g4LFdUBHVtqtU+gH660k/lCEe506jJLOGbEzsnqPDTZGJQLag==",
      "dev": true
    },
    "codelyzer": {
      "version": "6.0.2",
      "resolved": "https://registry.yarnpkg.com/codelyzer/-/codelyzer-6.0.2.tgz",
      "integrity": "sha1-JdcurmQej/E//X2ZsnycetXX4TU= sha512-v3+E0Ucu2xWJMOJ2fA/q9pDT/hlxHftHGPUay1/1cTgyPV5JTHFdO9hqo837Sx2s9vKBMTt5gO+lhF95PO6J+g==",
      "dev": true
    },
    "core-js": {
      "version": "3.8.1",
      "resolved": "https://registry.yarnpkg.com/core-js/-/core-js-3.8.1.tgz",
      "integrity": "sha1-9RUjZorIopTRKFw7nbRAJf2mbUc= sha512-9Id2xHY1W7m8hCl8NkhQn5CufmF/WuR30BTRewvCXc1aZd3kMECwNZ69ndLbekKfakw9Rf2Xyc+QR6E7Gg+obg=="
    },
    "dexie": {
      "version": "2.0.4",
      "resolved": "https://registry.yarnpkg.com/dexie/-/dexie-2.0.4.tgz",
      "integrity": "sha1-YCel4Fh5Qk6PmXnYwU50IPJ+OhE= sha512-aQ/s1U2wHxwBKRrt2Z/mwFNHMQWhESerFsMYzE+5P5OsIe5o1kgpFMWkzKTtkvkyyEni6mWr/T4HUJuY9xIHLA=="
    },
    "dropbox": {
      "version": "4.0.30",
      "resolved": "https://registry.yarnpkg.com/dropbox/-/dropbox-4.0.30.tgz",
      "integrity": "sha1-dHJHtQiOJqsUPbOa/tjGbwiH1nA= sha512-qmSeT8rhjARDHj3vxOTKQjc6IQ46AlRwJS8dqE26R323fikkjC4EXzocV12PsO7DOrjaqbOH3FjEdEEnrFraJw=="
    },
    "jasmine-core": {
      "version": "3.6.0",
      "resolved": "https://registry.yarnpkg.com/jasmine-core/-/jasmine-core-3.6.0.tgz",
      "integrity": "sha1-SR87sjlBeZw1POt6RbOKlQ68WiA= sha512-8uQYa7zJN8hq9z+g8z1bqCfdC8eoDAeVnM5sfqs7KHv9/ifoJ500m018fpFc7RDaO6SWCLCXwo/wPSNcdYTgcw==",
      "dev": true
    },
    "jasmine-spec-reporter": {
      "version": "7.0.0",
      "resolved": "https://registry.yarnpkg.com/jasmine-spec-reporter/-/jasmine-spec-reporter-7.0.0.tgz",
      "integrity": "sha1-lLk5RI5j1OK9AWaBQjifIPCo6kk= sha512-OtC7JRasiTcjsaCBPtMO0Tl8glCejM4J4/dNuOJdA8lBjz4PmWjYQ6pzb0uzpBNAWJMDudYuj9OdXJWqM2QTJg==",
      "dev": true
    },
    "jszip": {
      "version": "3.7.0",
      "resolved": "https://registry.yarnpkg.com/jszip/-/jszip-3.7.0.tgz",
      "integrity": "sha1-m4uZWk58kCRlPOdD6QIHaoL99OY= sha512-Y2OlFIzrDOPWUnpU0LORIcDn2xN7rC9yKffFM/7pGhQuhO+SUhfm2trkJ/S5amjFvem0Y+1EALz/MEPkvHXVNw=="
    },
    "karma": {
      "version": "5.2.3",
      "resolved": "https://registry.yarnpkg.com/karma/-/karma-5.2.3.tgz",
      "integrity": "sha1-MmQCQhm60nKOklQuAFiiSS16RuQ= sha512-tHdyFADhVVPBorIKCX8A37iLHxc6RBRphkSoQ+MLKdAtFn1k97tD8WUGi1KlEtDZKL3hui0qhsY9HXUfSNDYPQ==",
      "dev": true
    },
    "karma-chrome-launcher": {
      "version": "3.1.0",
      "resolved": "https://registry.yarnpkg.com/karma-chrome-launcher/-/karma-chrome-launcher-3.1.0.tgz",
      "integrity": "sha1-gFpYZ5mk0F9OVPcqIEl58/MGZzg= sha512-3dPs/n7vgz1rxxtynpzZTvb9y/GIaW8xjAwcIGttLbycqoFtI7yo1NGnQi6oFTherRE+GIhCAHZC4vEqWGhNvg==",
      "dev": true
    },
    "karma-coverage-istanbul-reporter": {
      "version": "3.0.3",
      "resolved": "https://registry.yarnpkg.com/karma-coverage-istanbul-reporter/-/karma-coverage-istanbul-reporter-3.0.3.tgz",
      "integrity": "sha1-87UwNVOq3I5oHUDTYN/cGbx+n+k= sha512-wE4VFhG/QZv2Y4CdAYWDbMmcAHeS926ZIji4z+FkB2aF/EposRb6DP6G5ncT/wXhqUfAb/d7kZrNKPonbvsATw==",
      "dev": true
    },
    "karma-jasmine": {
      "version": "4.0.1",
      "resolved": "https://registry.yarnpkg.com/karma-jasmine/-/karma-jasmine-4.0.1.tgz",
      "integrity": "sha1-uZ4HO22ZpRlvxL/8EhuJMTsKvYI= sha512-h8XDAhTiZjJKzfkoO1laMH+zfNlra+dEQHUAjpn5JV1zCPtOIVWGQjLBrqhnzQa/hrU2XrZwSyBa6XjEBzfXzw==",
      "dev": true
    },
    "karma-jasmine-html-reporter": {
      "version": "1.7.0",
      "resolved": "https://registry.yarnpkg.com/karma-jasmine-html-reporter/-/karma-jasmine-html-reporter-1.7.0.tgz",
      "integrity": "sha1-UsSJp012CTShCJv6XqSo/LhMwos= sha512-pzum1TL7j90DTE86eFt48/s12hqwQuiD+e5aXx2Dc9wDEn2LfGq6RoAxEZZjFiN0RDSCOnosEKRZWxbQ+iMpQQ==",
      "dev": true
    },
    "moment-mini-ts": {
      "version": "2.20.1",
      "resolved": "https://registry.yarnpkg.com/moment-mini-ts/-/moment-mini-ts-2.20.1.tgz",
      "integrity": "sha1-i1SoI4SOkfEcVuNuJT7fgMiXRxk= sha512-X8CHo8rq0ZgyGFvqc117uc8JJzAQPBzFj9ExEP/ei7Lcvv7iyEQp5m1JTv7l1EtleQbbKfwXmy2FQNBcmorLzA=="
    },
    "npm-run-all": {
      "version": "4.1.5",
      "resolved": "https://registry.yarnpkg.com/npm-run-all/-/npm-run-all-4.1.5.tgz",
      "integrity": "sha1-BEdiAqFe4OLiFAgIYb/xKlHZj7o= sha512-Oo82gJDAVcaMdi3nuoKFavkIHBRVqQ1qvMb+9LHk/cF4P6B2m8aP04hGf7oL6wZ9BuGwX1onlLhpuoofSyoQDQ==",
      "dev": true
    },
    "protractor": {
      "version": "7.0.0",
      "resolved": "https://registry.yarnpkg.com/protractor/-/protractor-7.0.0.tgz",
      "integrity": "sha1-w+JjYIvXLiwtyAKxGncnEaR5LQM= sha512-UqkFjivi4GcvUQYzqGYNe0mLzfn5jiLmO8w9nMhQoJRLhy2grJonpga2IWhI6yJO30LibWXJJtA4MOIZD2GgZw==",
      "dev": true
    },
    "rxjs": {
      "version": "6.6.3",
      "resolved": "https://registry.yarnpkg.com/rxjs/-/rxjs-6.6.3.tgz",
      "integrity": "sha1-jKhGNcTaqQDA05Z6buesYCce5VI= sha512-trsQc+xYYXZ3urjOiJOuCOa5N3jAZ3eiSpQB5hIT8zGlL2QfnHLJ2r7GMkBGuIausdJN1OneaI6gQlsqNHHmZQ=="
    },
    "stylelint": {
      "version": "13.8.0",
      "resolved": "https://registry.yarnpkg.com/stylelint/-/stylelint-13.8.0.tgz",
      "integrity": "sha1-RGdl2+JeNhf4GaAWWVb68lY93CM= sha512-iHH3dv3UI23SLDrH4zMQDjLT9/dDIz/IpoFeuNxZmEx86KtfpjDOscxLTFioQyv+2vQjPlRZnK0UoJtfxLICXQ==",
      "dev": true
    },
    "stylelint-config-standard": {
      "version": "20.0.0",
      "resolved": "https://registry.yarnpkg.com/stylelint-config-standard/-/stylelint-config-standard-20.0.0.tgz",
      "integrity": "sha1-BhNQkMngZL7+49WUKJ9Q4pW14g0= sha512-IB2iFdzOTA/zS4jSVav6z+wGtin08qfj+YyExHB3LF9lnouQht//YyB0KZq9gGz5HNPkddHOzcY8HsUey6ZUlA==",
      "dev": true
    },
    "stylelint-order": {
      "version": "4.1.0",
      "resolved": "https://registry.yarnpkg.com/stylelint-order/-/stylelint-order-4.1.0.tgz",
      "integrity": "sha1-aS0Ft9DCNaxm/PXqHZ5fCKdnR/Y= sha512-sVTikaDvMqg2aJjh4r48jsdfmqLT+nqB1MOsaBnvM3OwLx4S+WXcsxsgk5w18h/OZoxZCxuyXMh61iBHcj9Qiw==",
      "dev": true
    },
    "ts-node": {
      "version": "9.1.1",
      "resolved": "https://registry.yarnpkg.com/ts-node/-/ts-node-9.1.1.tgz",
      "integrity": "sha1-UamkUKPpWUAb2l8ASnLVS5NtN20= sha512-hPlt7ZACERQGf03M253ytLY3dHbGNGrAq9qIHWUY9XHYl1z7wYngSr3OQ5xmui8o2AaxsONxIzjafLUiWBo1Fg==",
      "dev": true
    },
    "tslib": {
      "version": "2.0.3",
      "resolved": "https://registry.yarnpkg.com/tslib/-/tslib-2.0.3.tgz",
      "integrity": "sha1-jgdBrEX8DCJuWKF7/D5kubxsphw= sha512-uZtkfKblCEQtZKBF6EBXVZeQNl82yqtDQdv+eck8u7tdPxjLu2/lp5/uPW+um2tpuxINHWy3GhiccY7QgEaVHQ=="
    },
    "tslint": {
      "version": "6.1.3",
      "resolved": "https://registry.yarnpkg.com/tslint/-/tslint-6.1.3.tgz",
      "integrity": "sha1-XCOy7MwySH1VI706Rw6aoxeJ2QQ= sha512-IbR4nkT96EQOvKE2PW/djGz8iGNeJ4rF2mBfiYaR/nvUWYKJhLwimoJKgjIFEIDibBtOevj7BqCRL4oHeWWUCg==",
      "dev": true
    },
    "tslint-eslint-rules": {
      "version": "5.4.0",
      "resolved": "https://registry.yarnpkg.com/tslint-eslint-rules/-/tslint-eslint-rules-5.4.0.tgz",
      "integrity": "sha1-5IjMkYG/GT/lzXv8ohOnaV8XN7U= sha512-WlSXE+J2vY/VPgIcqQuijMQiel+UtmXS+4nvK4ZzlDiqBfXse8FAvkNnTcYhnQyOTW5KFM+uRRGXxYhFpuBc6w==",
      "dev": true
    },
    "tslint-origin-ordered-imports-rule": {
      "version": "1.2.2",
      "resolved": "https://registry.yarnpkg.com/tslint-origin-ordered-imports-rule/-/tslint-origin-ordered-imports-rule-1.2.2.tgz",
      "integrity": "sha1-e+1oPLUgNWE0NKOknv8V2mdOUtQ= sha512-PN+vPc5t5Gz8QHiSuKAz/NJa4SFFG67TsSRkZWiXZP+q5PKsB170SfvD22pZl7VHraBd0w1uGNlPJZ7lpYNcKQ==",
      "dev": true
    },
    "typescript": {
      "version": "4.0.5",
      "resolved": "https://registry.yarnpkg.com/typescript/-/typescript-4.0.5.tgz",
      "integrity": "sha1-rp3d/RBp8ctb6z7zshcN18EzI4k= sha512-ywmr/VrTVCmNTJ6iV2LwIrfG1P+lv6luD8sUJs+2eI9NLGigaN+nUQc13iHqisq7bra9lnmUSYqbJvegraBOPQ==",
      "dev": true
    },
    "xml2js": {
      "version": "0.4.23",
      "resolved": "https://registry.yarnpkg.com/xml2js/-/xml2js-0.4.23.tgz",
      "integrity": "sha1-oMaVFnUkIesqx1juTUzPWIQ+rGY= sha512-ySPiMjM0+pLDftHgXY4By0uswI3SPKLDw/i3UXbnO8M/p28zqexCUoPmQFrYD+/1BzhGJSs2i1ERWKJAtiLrug=="
    },
    "zone.js": {
      "version": "0.11.3",
      "resolved": "https://registry.yarnpkg.com/zone.js/-/zone.js-0.11.3.tgz",
      "integrity": "sha1-JVpjExdHMcwBTWMjPvBP2YWNo3U= sha512-Y4hTHoh4VcxU5BDGAqEoOnOiyT254w6CiHtpQxAJUSMZPyVgdbKf+5R7Mwz6xsPhMIeBXk5rTopRZDpjssTCUg=="
    }
  }
}
